
Microsoft Visual Studio Solution File, Format Version 12.00
# Visual Studio 15
Project("{FAE04EC0-301F-11D3-BF4B-00C04F79EFBC}") = "Assembly-CSharp", "Assembly-CSharp.csproj", "{BEA3185B-6A67-FFC5-2066-937B7222410A}"
EndProject
Project("{FAE04EC0-301F-11D3-BF4B-00C04F79EFBC}") = "Assembly-CSharp-Editor", "Assembly-CSharp-Editor.csproj", "{C785B21B-D363-4A92-73E6-5BDBD001BE59}"
EndProject
Global
	GlobalSection(SolutionConfigurationPlatforms) = preSolution
		Debug|Any CPU = Debug|Any CPU
		Release|Any CPU = Release|Any CPU
	EndGlobalSection
	GlobalSection(ProjectConfigurationPlatforms) = postSolution
		{BEA3185B-6A67-FFC5-2066-937B7222410A}.Debug|Any CPU.ActiveCfg = Debug|Any CPU
		{BEA3185B-6A67-FFC5-2066-937B7222410A}.Debug|Any CPU.Build.0 = Debug|Any CPU
		{BEA3185B-6A67-FFC5-2066-937B7222410A}.Release|Any CPU.ActiveCfg = Release|Any CPU
		{BEA3185B-6A67-FFC5-2066-937B7222410A}.Release|Any CPU.Build.0 = Release|Any CPU
		{C785B21B-D363-4A92-73E6-5BDBD001BE59}.Debug|Any CPU.ActiveCfg = Debug|Any CPU
		{C785B21B-D363-4A92-73E6-5BDBD001BE59}.Debug|Any CPU.Build.0 = Debug|Any CPU
		{C785B21B-D363-4A92-73E6-5BDBD001BE59}.Release|Any CPU.ActiveCfg = Release|Any CPU
		{C785B21B-D363-4A92-73E6-5BDBD001BE59}.Release|Any CPU.Build.0 = Release|Any CPU
	EndGlobalSection
	GlobalSection(SolutionProperties) = preSolution
		HideSolutionNode = FALSE
	EndGlobalSection
EndGlobal
